<?xml version="1.0" encoding="utf-8"?>
<Project ToolsVersion="4.0" xmlns="http://schemas.microsoft.com/developer/msbuild/2003">
  <ItemGroup>
    <Filter Include="Archivos de origen">
      <UniqueIdentifier>{4FC737F1-C7A5-4376-A066-2A32D752A2FF}</UniqueIdentifier>
      <Extensions>cpp;c;cc;cxx;c++;cppm;ixx;def;odl;idl;hpj;bat;asm;asmx</Extensions>
    </Filter>
    <Filter Include="Archivos de encabezado">
      <UniqueIdentifier>{93995380-89BD-4b04-88EB-625FBE52EBFB}</UniqueIdentifier>
      <Extensions>h;hh;hpp;hxx;h++;hm;inl;inc;ipp;xsd</Extensions>
    </Filter>
    <Filter Include="Archivos de recursos">
      <UniqueIdentifier>{67DA6AB6-F800-4c08-8B7A-83BB121AAD01}</UniqueIdentifier>
      <Extensions>rc;ico;cur;bmp;dlg;rc2;rct;bin;rgs;gif;jpg;jpeg;jpe;resx;tiff;tif;png;wav;mfcribbon-ms</Extensions>
    </Filter>
    <Filter Include="Archivos de encabezado\ProgramingPatterns">
      <UniqueIdentifier>{cd01c92c-9f6a-4839-896f-82e7676e509e}</UniqueIdentifier>
    </Filter>
    <Filter Include="Archivos de encabezado\ProgramingPatterns\AbstractFactory">
      <UniqueIdentifier>{916bdda8-e4de-4d47-a1a5-08b438e76003}</UniqueIdentifier>
    </Filter>
    <Filter Include="Archivos de encabezado\Builder">
      <UniqueIdentifier>{04e7f9f7-b530-4958-9244-8e3ea664671a}</UniqueIdentifier>
    </Filter>
    <Filter Include="Archivos de encabezado\Prototype">
      <UniqueIdentifier>{ff51b675-fc22-48d5-9a33-5f59d4e4a41b}</UniqueIdentifier>
    </Filter>
    <Filter Include="Archivos de encabezado\ProgramingPatterns\Adapter">
      <UniqueIdentifier>{a0a03fff-c8c6-443e-9026-0f199c7e3030}</UniqueIdentifier>
    </Filter>
    <Filter Include="Archivos de encabezado\ProgramingPatterns\Composite">
      <UniqueIdentifier>{5bed00d9-34e1-4e09-b3cb-789ba72fa884}</UniqueIdentifier>
    </Filter>
    <Filter Include="Archivos de encabezado\ProgramingPatterns\Proxy">
      <UniqueIdentifier>{869e042f-c91d-454a-a5c7-26efd9d954dd}</UniqueIdentifier>
    </Filter>
  </ItemGroup>
  <ItemGroup>
    <ClInclude Include="include\ProgrammingPatterns\AbstractFactory\AbstractFactory.h">
      <Filter>Archivos de encabezado\ProgramingPatterns\AbstractFactory</Filter>
    </ClInclude>
    <ClInclude Include="include\ProgrammingPatterns\AbstractFactory\FabricaAbstractaA.h">
      <Filter>Archivos de encabezado\ProgramingPatterns\AbstractFactory</Filter>
    </ClInclude>
    <ClInclude Include="include\ProgrammingPatterns\AbstractFactory\FactoryMethod.h">
      <Filter>Archivos de encabezado\ProgramingPatterns\AbstractFactory</Filter>
    </ClInclude>
    <ClInclude Include="include\ProgrammingPatterns\AbstractFactory\ProductoA.h">
      <Filter>Archivos de encabezado\ProgramingPatterns\AbstractFactory</Filter>
    </ClInclude>
    <ClInclude Include="include\ProgrammingPatterns\AbstractFactory\ProductoB.h">
      <Filter>Archivos de encabezado\ProgramingPatterns\AbstractFactory</Filter>
    </ClInclude>
    <ClInclude Include="include\ProgrammingPatterns\Adapter\Adaptador.h">
      <Filter>Archivos de encabezado\ProgramingPatterns\Adapter</Filter>
    </ClInclude>
    <ClInclude Include="include\ProgrammingPatterns\Adapter\InterfazNueva.h">
      <Filter>Archivos de encabezado\ProgramingPatterns\Adapter</Filter>
    </ClInclude>
    <ClInclude Include="include\ProgrammingPatterns\Adapter\InterfazVieja.h">
      <Filter>Archivos de encabezado\ProgramingPatterns\Adapter</Filter>
    </ClInclude>
    <ClInclude Include="include\ProgrammingPatterns\Proxy\Sujeto.h">
      <Filter>Archivos de encabezado\ProgramingPatterns\Proxy</Filter>
    </ClInclude>
    <ClInclude Include="include\ProgrammingPatterns\Proxy\SujetoReal.h">
      <Filter>Archivos de encabezado\ProgramingPatterns\Proxy</Filter>
    </ClInclude>
    <ClInclude Include="include\ProgrammingPatterns\Proxy\Proxy.h">
      <Filter>Archivos de encabezado\ProgramingPatterns\Proxy</Filter>
    </ClInclude>
    <ClInclude Include="include\ProgrammingPatterns\Prototype\Prototype.h">
      <Filter>Archivos de encabezado\Prototype</Filter>
    </ClInclude>
    <ClInclude Include="include\ProgrammingPatterns\Prototype\PrototypeConcreto.h">
      <Filter>Archivos de encabezado\Prototype</Filter>
    </ClInclude>
    <ClInclude Include="include\ProgrammingPatterns\Composite\Archivo.h">
      <Filter>Archivos de encabezado\ProgramingPatterns\Composite</Filter>
    </ClInclude>
    <ClInclude Include="include\ProgrammingPatterns\Composite\Carpeta.h">
      <Filter>Archivos de encabezado\ProgramingPatterns\Composite</Filter>
    </ClInclude>
    <ClInclude Include="include\ProgrammingPatterns\Composite\Component.h">
      <Filter>Archivos de encabezado\ProgramingPatterns\Composite</Filter>
    </ClInclude>
    <ClInclude Include="include\ProgrammingPatterns\Composite\Composite.h">
      <Filter>Archivos de encabezado\ProgramingPatterns\Composite</Filter>
    </ClInclude>
    <ClInclude Include="include\ProgrammingPatterns\Composite\Hoja.h">
      <Filter>Archivos de encabezado\ProgramingPatterns\Composite</Filter>
    </ClInclude>
    <ClInclude Include="include\ProgrammingPatterns\Composite\Sistema.h">
      <Filter>Archivos de encabezado\ProgramingPatterns\Composite</Filter>
    </ClInclude>
    <ClInclude Include="include\ProgrammingPatterns\Composite\SistemaArchivo.h">
      <Filter>Archivos de encabezado\ProgramingPatterns\Composite</Filter>
    </ClInclude>
    <ClInclude Include="include\ProgrammingPatterns\Composite\SistemaCarpeta.h">
      <Filter>Archivos de encabezado\ProgramingPatterns\Composite</Filter>
    </ClInclude>
  </ItemGroup>
  <ItemGroup>
    <ClCompile Include="source\main2.cpp">
      <Filter>Archivos de recursos</Filter>
    </ClCompile>
  </ItemGroup>
</Project>